
Microsoft Visual Studio Solution File, Format Version 12.00
# Visual Studio Version 17
VisualStudioVersion = 17.5.002.0
MinimumVisualStudioVersion = 10.0.40219.1
Project("{2150E333-8FDC-42A3-9474-1A3956D46DE8}") = "src", "src", "{8CE2A250-DA32-4CC2-A199-A947ED8A9AFF}"
EndProject
Project("{FAE04EC0-301F-11D3-BF4B-00C04F79EFBC}") = "Chirp.CLI", "src\Chirp.CLI\Chirp.CLI.csproj", "{A9456CEC-7A5B-45BA-9B05-2B15787D7D05}"
EndProject
Project("{FAE04EC0-301F-11D3-BF4B-00C04F79EFBC}") = "SimpleDB", "src\SimpleDB\SimpleDB.csproj", "{D17F6CFE-675B-4009-B17A-426BF4064ADC}"
EndProject
Project("{2150E333-8FDC-42A3-9474-1A3956D46DE8}") = "test", "test", "{D46B1B5F-C5CE-4896-A110-3EB777843A37}"
EndProject
Project("{FAE04EC0-301F-11D3-BF4B-00C04F79EFBC}") = "Chirp.CLI.Tests", "test\Chirp.CLI.Tests\Chirp.CLI.Tests.csproj", "{9C35C0F7-9300-4A98-9892-931EA61684A3}"
EndProject
Project("{FAE04EC0-301F-11D3-BF4B-00C04F79EFBC}") = "SimpleDB.Tests", "test\SimpleDB.Tests\SimpleDB.Tests.csproj", "{81475210-5ACD-4253-90D2-CA89EF326AE5}"
EndProject
Project("{FAE04EC0-301F-11D3-BF4B-00C04F79EFBC}") = "Chirp.CSVDBService.Tests", "test\Chirp.CSVDBService.Tests\Chirp.CSVDBService.Tests.csproj", "{558DE1D6-9461-495F-ABE7-58232B3C7A11}"
EndProject
Project("{FAE04EC0-301F-11D3-BF4B-00C04F79EFBC}") = "Chirp.Razor.Tests", "test\Chirp.Razor.Tests\Chirp.Razor.Tests.csproj", "{1E55D794-7688-45C2-9168-AE949B93AE78}"
EndProject
Project("{FAE04EC0-301F-11D3-BF4B-00C04F79EFBC}") = "Chirp.Razor", "src\Chirp.Razor\Chirp.Razor.csproj", "{BFEE42EB-A0B1-4711-A6AE-D2E639BF7673}"
EndProject
Global
	GlobalSection(SolutionConfigurationPlatforms) = preSolution
		Debug|Any CPU = Debug|Any CPU
		Release|Any CPU = Release|Any CPU
	EndGlobalSection
	GlobalSection(ProjectConfigurationPlatforms) = postSolution
		{A9456CEC-7A5B-45BA-9B05-2B15787D7D05}.Debug|Any CPU.ActiveCfg = Debug|Any CPU
		{A9456CEC-7A5B-45BA-9B05-2B15787D7D05}.Debug|Any CPU.Build.0 = Debug|Any CPU
		{A9456CEC-7A5B-45BA-9B05-2B15787D7D05}.Release|Any CPU.ActiveCfg = Release|Any CPU
		{A9456CEC-7A5B-45BA-9B05-2B15787D7D05}.Release|Any CPU.Build.0 = Release|Any CPU
		{D17F6CFE-675B-4009-B17A-426BF4064ADC}.Debug|Any CPU.ActiveCfg = Debug|Any CPU
		{D17F6CFE-675B-4009-B17A-426BF4064ADC}.Debug|Any CPU.Build.0 = Debug|Any CPU
		{D17F6CFE-675B-4009-B17A-426BF4064ADC}.Release|Any CPU.ActiveCfg = Release|Any CPU
		{D17F6CFE-675B-4009-B17A-426BF4064ADC}.Release|Any CPU.Build.0 = Release|Any CPU
		{9C35C0F7-9300-4A98-9892-931EA61684A3}.Debug|Any CPU.ActiveCfg = Debug|Any CPU
		{9C35C0F7-9300-4A98-9892-931EA61684A3}.Debug|Any CPU.Build.0 = Debug|Any CPU
		{9C35C0F7-9300-4A98-9892-931EA61684A3}.Release|Any CPU.ActiveCfg = Release|Any CPU
		{9C35C0F7-9300-4A98-9892-931EA61684A3}.Release|Any CPU.Build.0 = Release|Any CPU
		{81475210-5ACD-4253-90D2-CA89EF326AE5}.Debug|Any CPU.ActiveCfg = Debug|Any CPU
		{81475210-5ACD-4253-90D2-CA89EF326AE5}.Debug|Any CPU.Build.0 = Debug|Any CPU
		{81475210-5ACD-4253-90D2-CA89EF326AE5}.Release|Any CPU.ActiveCfg = Release|Any CPU
		{81475210-5ACD-4253-90D2-CA89EF326AE5}.Release|Any CPU.Build.0 = Release|Any CPU
		{558DE1D6-9461-495F-ABE7-58232B3C7A11}.Debug|Any CPU.ActiveCfg = Debug|Any CPU
		{558DE1D6-9461-495F-ABE7-58232B3C7A11}.Debug|Any CPU.Build.0 = Debug|Any CPU
		{558DE1D6-9461-495F-ABE7-58232B3C7A11}.Release|Any CPU.ActiveCfg = Release|Any CPU
		{558DE1D6-9461-495F-ABE7-58232B3C7A11}.Release|Any CPU.Build.0 = Release|Any CPU
		{1E55D794-7688-45C2-9168-AE949B93AE78}.Debug|Any CPU.ActiveCfg = Debug|Any CPU
		{1E55D794-7688-45C2-9168-AE949B93AE78}.Debug|Any CPU.Build.0 = Debug|Any CPU
		{1E55D794-7688-45C2-9168-AE949B93AE78}.Release|Any CPU.ActiveCfg = Release|Any CPU
		{1E55D794-7688-45C2-9168-AE949B93AE78}.Release|Any CPU.Build.0 = Release|Any CPU
		{BFEE42EB-A0B1-4711-A6AE-D2E639BF7673}.Debug|Any CPU.ActiveCfg = Debug|Any CPU
		{BFEE42EB-A0B1-4711-A6AE-D2E639BF7673}.Debug|Any CPU.Build.0 = Debug|Any CPU
		{BFEE42EB-A0B1-4711-A6AE-D2E639BF7673}.Release|Any CPU.ActiveCfg = Release|Any CPU
		{BFEE42EB-A0B1-4711-A6AE-D2E639BF7673}.Release|Any CPU.Build.0 = Release|Any CPU
	EndGlobalSection
	GlobalSection(SolutionProperties) = preSolution
		HideSolutionNode = FALSE
	EndGlobalSection
	GlobalSection(ExtensibilityGlobals) = postSolution
		SolutionGuid = {6A28B322-87F4-4325-9BDB-7F197841A95A}
	EndGlobalSection
	GlobalSection(NestedProjects) = preSolution
		{A9456CEC-7A5B-45BA-9B05-2B15787D7D05} = {8CE2A250-DA32-4CC2-A199-A947ED8A9AFF}
		{D17F6CFE-675B-4009-B17A-426BF4064ADC} = {8CE2A250-DA32-4CC2-A199-A947ED8A9AFF}
		{9C35C0F7-9300-4A98-9892-931EA61684A3} = {D46B1B5F-C5CE-4896-A110-3EB777843A37}
		{81475210-5ACD-4253-90D2-CA89EF326AE5} = {D46B1B5F-C5CE-4896-A110-3EB777843A37}
		{558DE1D6-9461-495F-ABE7-58232B3C7A11} = {D46B1B5F-C5CE-4896-A110-3EB777843A37}
		{1E55D794-7688-45C2-9168-AE949B93AE78} = {D46B1B5F-C5CE-4896-A110-3EB777843A37}
		{BFEE42EB-A0B1-4711-A6AE-D2E639BF7673} = {8CE2A250-DA32-4CC2-A199-A947ED8A9AFF}
	EndGlobalSection
EndGlobal
